# @generated by Move, please check-in and do not edit manually.

[move]
version = 3
manifest_digest = "28F365A9C01E14B9BE169FA1BE73EDC74974E4F6ED9944C0E1B0809D167C689A"
deps_digest = "F8BBB0CCB2491CA29A3DF03D6F92277A4F3574266507ACD77214D37ECA3F3082"
dependencies = [
  { id = "Sui", name = "Sui" },
]

[[move.package]]
id = "MoveStdlib"
source = { git = "https://github.com/MystenLabs/sui.git", rev = "framework/testnet", subdir = "crates\\sui-framework\\packages\\move-stdlib" }

[[move.package]]
id = "Sui"
source = { git = "https://github.com/MystenLabs/sui.git", rev = "framework/testnet", subdir = "crates/sui-framework/packages/sui-framework" }

dependencies = [
  { id = "MoveStdlib", name = "MoveStdlib" },
]

[move.toolchain-version]
compiler-version = "1.39.3"
edition = "2024.beta"
flavor = "sui"

[env]

[env.devnet]
chain-id = "981495f3"
original-published-id = "0xea7832700dbde4a35d0cf202b7bfcf08f9e1e4768559827128e52a8c365bafd8"
latest-published-id = "0xea7832700dbde4a35d0cf202b7bfcf08f9e1e4768559827128e52a8c365bafd8"
published-version = "1"
